
Microsoft Visual Studio Solution File, Format Version 12.00
# Visual Studio 15
Project("{FAE04EC0-301F-11D3-BF4B-00C04F79EFBC}") = "Arlo", "Arlo\Arlo.csproj", "{B4DC80DD-60EC-4EAC-B340-4469A4094F89}"
EndProject
Project("{FAE04EC0-301F-11D3-BF4B-00C04F79EFBC}") = "TestConsole", "TestConsole\TestConsole.csproj", "{459096B0-B091-4E84-B54F-16E14AF94CF9}"
EndProject
Global
	GlobalSection(SolutionConfigurationPlatforms) = preSolution
		Debug|Any CPU = Debug|Any CPU
		Release|Any CPU = Release|Any CPU
	EndGlobalSection
	GlobalSection(ProjectConfigurationPlatforms) = postSolution
		{B4DC80DD-60EC-4EAC-B340-4469A4094F89}.Debug|Any CPU.ActiveCfg = Debug|Any CPU
		{B4DC80DD-60EC-4EAC-B340-4469A4094F89}.Debug|Any CPU.Build.0 = Debug|Any CPU
		{B4DC80DD-60EC-4EAC-B340-4469A4094F89}.Release|Any CPU.ActiveCfg = Release|Any CPU
		{B4DC80DD-60EC-4EAC-B340-4469A4094F89}.Release|Any CPU.Build.0 = Release|Any CPU
		{459096B0-B091-4E84-B54F-16E14AF94CF9}.Debug|Any CPU.ActiveCfg = Debug|Any CPU
		{459096B0-B091-4E84-B54F-16E14AF94CF9}.Debug|Any CPU.Build.0 = Debug|Any CPU
		{459096B0-B091-4E84-B54F-16E14AF94CF9}.Release|Any CPU.ActiveCfg = Release|Any CPU
		{459096B0-B091-4E84-B54F-16E14AF94CF9}.Release|Any CPU.Build.0 = Release|Any CPU
	EndGlobalSection
EndGlobal
